// !$*UTF8*$!
{
	archiveVersion = 1;
	classes = {
	};
	objectVersion = 50;
	objects = {

/* Begin PBXBuildFile section */
		44260366219DE926000E219F /* Grid.swift in Sources */ = {isa = PBXBuildFile; fileRef = 44260365219DE926000E219F /* Grid.swift */; };
		44260368219DEA70000E219F /* Split.swift in Sources */ = {isa = PBXBuildFile; fileRef = 44260367219DEA70000E219F /* Split.swift */; };
		4435F6E2219A2ECC001FB6F7 /* AppDelegate.swift in Sources */ = {isa = PBXBuildFile; fileRef = 4435F6E1219A2ECC001FB6F7 /* AppDelegate.swift */; };
		4435F6E4219A2ECC001FB6F7 /* ViewController.swift in Sources */ = {isa = PBXBuildFile; fileRef = 4435F6E3219A2ECC001FB6F7 /* ViewController.swift */; };
		4435F6E7219A2ECC001FB6F7 /* Main.storyboard in Resources */ = {isa = PBXBuildFile; fileRef = 4435F6E5219A2ECC001FB6F7 /* Main.storyboard */; };
		4435F6E9219A2ECF001FB6F7 /* Assets.xcassets in Resources */ = {isa = PBXBuildFile; fileRef = 4435F6E8219A2ECF001FB6F7 /* Assets.xcassets */; };
		4435F6EC219A2ECF001FB6F7 /* LaunchScreen.storyboard in Resources */ = {isa = PBXBuildFile; fileRef = 4435F6EA219A2ECF001FB6F7 /* LaunchScreen.storyboard */; };
		4435F6F7219A2ECF001FB6F7 /* Conway_s_Game_of_Life_For_iPadTests.swift in Sources */ = {isa = PBXBuildFile; fileRef = 4435F6F6219A2ECF001FB6F7 /* Conway_s_Game_of_Life_For_iPadTests.swift */; };
		4435F702219A2ECF001FB6F7 /* Conway_s_Game_of_Life_For_iPadUITests.swift in Sources */ = {isa = PBXBuildFile; fileRef = 4435F701219A2ECF001FB6F7 /* Conway_s_Game_of_Life_For_iPadUITests.swift */; };
		4449AACB21A3355400FE7D8C /* Coor.swift in Sources */ = {isa = PBXBuildFile; fileRef = 4449AACA21A3355400FE7D8C /* Coor.swift */; };
		4449AACD21A3358F00FE7D8C /* Colony.swift in Sources */ = {isa = PBXBuildFile; fileRef = 4449AACC21A3358F00FE7D8C /* Colony.swift */; };
		4452450121A44D880063612B /* Templates.swift in Sources */ = {isa = PBXBuildFile; fileRef = 4452450021A44D880063612B /* Templates.swift */; };
		44F5172F21A8EDD1007C7D0A /* CellPanGesture.swift in Sources */ = {isa = PBXBuildFile; fileRef = 44F5172E21A8EDD1007C7D0A /* CellPanGesture.swift */; };
/* End PBXBuildFile section */

/* Begin PBXContainerItemProxy section */
		4435F6F3219A2ECF001FB6F7 /* PBXContainerItemProxy */ = {
			isa = PBXContainerItemProxy;
			containerPortal = 4435F6D6219A2ECC001FB6F7 /* Project object */;
			proxyType = 1;
			remoteGlobalIDString = 4435F6DD219A2ECC001FB6F7;
			remoteInfo = "Conway's Game of Life For iPad";
		};
		4435F6FE219A2ECF001FB6F7 /* PBXContainerItemProxy */ = {
			isa = PBXContainerItemProxy;
			containerPortal = 4435F6D6219A2ECC001FB6F7 /* Project object */;
			proxyType = 1;
			remoteGlobalIDString = 4435F6DD219A2ECC001FB6F7;
			remoteInfo = "Conway's Game of Life For iPad";
		};
/* End PBXContainerItemProxy section */

/* Begin PBXFileReference section */
		44260365219DE926000E219F /* Grid.swift */ = {isa = PBXFileReference; lastKnownFileType = sourcecode.swift; path = Grid.swift; sourceTree = "<group>"; };
		44260367219DEA70000E219F /* Split.swift */ = {isa = PBXFileReference; lastKnownFileType = sourcecode.swift; path = Split.swift; sourceTree = "<group>"; };
		4435F6DE219A2ECC001FB6F7 /* Conway's Game of Life For iPad.app */ = {isa = PBXFileReference; explicitFileType = wrapper.application; includeInIndex = 0; path = "Conway's Game of Life For iPad.app"; sourceTree = BUILT_PRODUCTS_DIR; };
		4435F6E1219A2ECC001FB6F7 /* AppDelegate.swift */ = {isa = PBXFileReference; lastKnownFileType = sourcecode.swift; path = AppDelegate.swift; sourceTree = "<group>"; };
		4435F6E3219A2ECC001FB6F7 /* ViewController.swift */ = {isa = PBXFileReference; lastKnownFileType = sourcecode.swift; path = ViewController.swift; sourceTree = "<group>"; };
		4435F6E6219A2ECC001FB6F7 /* Base */ = {isa = PBXFileReference; lastKnownFileType = file.storyboard; name = Base; path = Base.lproj/Main.storyboard; sourceTree = "<group>"; };
		4435F6E8219A2ECF001FB6F7 /* Assets.xcassets */ = {isa = PBXFileReference; lastKnownFileType = folder.assetcatalog; path = Assets.xcassets; sourceTree = "<group>"; };
		4435F6EB219A2ECF001FB6F7 /* Base */ = {isa = PBXFileReference; lastKnownFileType = file.storyboard; name = Base; path = Base.lproj/LaunchScreen.storyboard; sourceTree = "<group>"; };
		4435F6ED219A2ECF001FB6F7 /* Info.plist */ = {isa = PBXFileReference; lastKnownFileType = text.plist.xml; path = Info.plist; sourceTree = "<group>"; };
		4435F6F2219A2ECF001FB6F7 /* Conway's Game of Life For iPadTests.xctest */ = {isa = PBXFileReference; explicitFileType = wrapper.cfbundle; includeInIndex = 0; path = "Conway's Game of Life For iPadTests.xctest"; sourceTree = BUILT_PRODUCTS_DIR; };
		4435F6F6219A2ECF001FB6F7 /* Conway_s_Game_of_Life_For_iPadTests.swift */ = {isa = PBXFileReference; lastKnownFileType = sourcecode.swift; path = Conway_s_Game_of_Life_For_iPadTests.swift; sourceTree = "<group>"; };
		4435F6F8219A2ECF001FB6F7 /* Info.plist */ = {isa = PBXFileReference; lastKnownFileType = text.plist.xml; path = Info.plist; sourceTree = "<group>"; };
		4435F6FD219A2ECF001FB6F7 /* Conway's Game of Life For iPadUITests.xctest */ = {isa = PBXFileReference; explicitFileType = wrapper.cfbundle; includeInIndex = 0; path = "Conway's Game of Life For iPadUITests.xctest"; sourceTree = BUILT_PRODUCTS_DIR; };
		4435F701219A2ECF001FB6F7 /* Conway_s_Game_of_Life_For_iPadUITests.swift */ = {isa = PBXFileReference; lastKnownFileType = sourcecode.swift; path = Conway_s_Game_of_Life_For_iPadUITests.swift; sourceTree = "<group>"; };
		4435F703219A2ECF001FB6F7 /* Info.plist */ = {isa = PBXFileReference; lastKnownFileType = text.plist.xml; path = Info.plist; sourceTree = "<group>"; };
		4449AACA21A3355400FE7D8C /* Coor.swift */ = {isa = PBXFileReference; lastKnownFileType = sourcecode.swift; path = Coor.swift; sourceTree = "<group>"; };
		4449AACC21A3358F00FE7D8C /* Colony.swift */ = {isa = PBXFileReference; lastKnownFileType = sourcecode.swift; path = Colony.swift; sourceTree = "<group>"; };
		4452450021A44D880063612B /* Templates.swift */ = {isa = PBXFileReference; lastKnownFileType = sourcecode.swift; path = Templates.swift; sourceTree = "<group>"; };
		44F5172E21A8EDD1007C7D0A /* CellPanGesture.swift */ = {isa = PBXFileReference; lastKnownFileType = sourcecode.swift; path = CellPanGesture.swift; sourceTree = "<group>"; };
/* End PBXFileReference section */

/* Begin PBXFrameworksBuildPhase section */
		4435F6DB219A2ECC001FB6F7 /* Frameworks */ = {
			isa = PBXFrameworksBuildPhase;
			buildActionMask = 2147483647;
			files = (
			);
			runOnlyForDeploymentPostprocessing = 0;
		};
		4435F6EF219A2ECF001FB6F7 /* Frameworks */ = {
			isa = PBXFrameworksBuildPhase;
			buildActionMask = 2147483647;
			files = (
			);
			runOnlyForDeploymentPostprocessing = 0;
		};
		4435F6FA219A2ECF001FB6F7 /* Frameworks */ = {
			isa = PBXFrameworksBuildPhase;
			buildActionMask = 2147483647;
			files = (
			);
			runOnlyForDeploymentPostprocessing = 0;
		};
/* End PBXFrameworksBuildPhase section */

/* Begin PBXGroup section */
		4435F6D5219A2ECC001FB6F7 = {
			isa = PBXGroup;
			children = (
				4435F6E0219A2ECC001FB6F7 /* Conway's Game of Life For iPad */,
				4435F6F5219A2ECF001FB6F7 /* Conway's Game of Life For iPadTests */,
				4435F700219A2ECF001FB6F7 /* Conway's Game of Life For iPadUITests */,
				4435F6DF219A2ECC001FB6F7 /* Products */,
			);
			sourceTree = "<group>";
		};
		4435F6DF219A2ECC001FB6F7 /* Products */ = {
			isa = PBXGroup;
			children = (
				4435F6DE219A2ECC001FB6F7 /* Conway's Game of Life For iPad.app */,
				4435F6F2219A2ECF001FB6F7 /* Conway's Game of Life For iPadTests.xctest */,
				4435F6FD219A2ECF001FB6F7 /* Conway's Game of Life For iPadUITests.xctest */,
			);
			name = Products;
			sourceTree = "<group>";
		};
		4435F6E0219A2ECC001FB6F7 /* Conway's Game of Life For iPad */ = {
			isa = PBXGroup;
			children = (
				4435F6E1219A2ECC001FB6F7 /* AppDelegate.swift */,
				4435F6E3219A2ECC001FB6F7 /* ViewController.swift */,
				44260367219DEA70000E219F /* Split.swift */,
				4452450021A44D880063612B /* Templates.swift */,
				44260365219DE926000E219F /* Grid.swift */,
				44F5172E21A8EDD1007C7D0A /* CellPanGesture.swift */,
				4449AACA21A3355400FE7D8C /* Coor.swift */,
				4449AACC21A3358F00FE7D8C /* Colony.swift */,
				4435F6E5219A2ECC001FB6F7 /* Main.storyboard */,
				4435F6E8219A2ECF001FB6F7 /* Assets.xcassets */,
				4435F6EA219A2ECF001FB6F7 /* LaunchScreen.storyboard */,
				4435F6ED219A2ECF001FB6F7 /* Info.plist */,
			);
			path = "Conway's Game of Life For iPad";
			sourceTree = "<group>";
		};
		4435F6F5219A2ECF001FB6F7 /* Conway's Game of Life For iPadTests */ = {
			isa = PBXGroup;
			children = (
				4435F6F6219A2ECF001FB6F7 /* Conway_s_Game_of_Life_For_iPadTests.swift */,
				4435F6F8219A2ECF001FB6F7 /* Info.plist */,
			);
			path = "Conway's Game of Life For iPadTests";
			sourceTree = "<group>";
		};
		4435F700219A2ECF001FB6F7 /* Conway's Game of Life For iPadUITests */ = {
			isa = PBXGroup;
			children = (
				4435F701219A2ECF001FB6F7 /* Conway_s_Game_of_Life_For_iPadUITests.swift */,
				4435F703219A2ECF001FB6F7 /* Info.plist */,
			);
			path = "Conway's Game of Life For iPadUITests";
			sourceTree = "<group>";
		};
/* End PBXGroup section */

/* Begin PBXNativeTarget section */
		4435F6DD219A2ECC001FB6F7 /* Conway's Game of Life For iPad */ = {
			isa = PBXNativeTarget;
			buildConfigurationList = 4435F706219A2ECF001FB6F7 /* Build configuration list for PBXNativeTarget "Conway's Game of Life For iPad" */;
			buildPhases = (
				4435F6DA219A2ECC001FB6F7 /* Sources */,
				4435F6DB219A2ECC001FB6F7 /* Frameworks */,
				4435F6DC219A2ECC001FB6F7 /* Resources */,
			);
			buildRules = (
			);
			dependencies = (
			);
			name = "Conway's Game of Life For iPad";
			productName = "Conway's Game of Life For iPad";
			productReference = 4435F6DE219A2ECC001FB6F7 /* Conway's Game of Life For iPad.app */;
			productType = "com.apple.product-type.application";
		};
		4435F6F1219A2ECF001FB6F7 /* Conway's Game of Life For iPadTests */ = {
			isa = PBXNativeTarget;
			buildConfigurationList = 4435F709219A2ECF001FB6F7 /* Build configuration list for PBXNativeTarget "Conway's Game of Life For iPadTests" */;
			buildPhases = (
				4435F6EE219A2ECF001FB6F7 /* Sources */,
				4435F6EF219A2ECF001FB6F7 /* Frameworks */,
				4435F6F0219A2ECF001FB6F7 /* Resources */,
			);
			buildRules = (
			);
			dependencies = (
				4435F6F4219A2ECF001FB6F7 /* PBXTargetDependency */,
			);
			name = "Conway's Game of Life For iPadTests";
			productName = "Conway's Game of Life For iPadTests";
			productReference = 4435F6F2219A2ECF001FB6F7 /* Conway's Game of Life For iPadTests.xctest */;
			productType = "com.apple.product-type.bundle.unit-test";
		};
		4435F6FC219A2ECF001FB6F7 /* Conway's Game of Life For iPadUITests */ = {
			isa = PBXNativeTarget;
			buildConfigurationList = 4435F70C219A2ECF001FB6F7 /* Build configuration list for PBXNativeTarget "Conway's Game of Life For iPadUITests" */;
			buildPhases = (
				4435F6F9219A2ECF001FB6F7 /* Sources */,
				4435F6FA219A2ECF001FB6F7 /* Frameworks */,
				4435F6FB219A2ECF001FB6F7 /* Resources */,
			);
			buildRules = (
			);
			dependencies = (
				4435F6FF219A2ECF001FB6F7 /* PBXTargetDependency */,
			);
			name = "Conway's Game of Life For iPadUITests";
			productName = "Conway's Game of Life For iPadUITests";
			productReference = 4435F6FD219A2ECF001FB6F7 /* Conway's Game of Life For iPadUITests.xctest */;
			productType = "com.apple.product-type.bundle.ui-testing";
		};
/* End PBXNativeTarget section */

/* Begin PBXProject section */
		4435F6D6219A2ECC001FB6F7 /* Project object */ = {
			isa = PBXProject;
			attributes = {
				LastSwiftUpdateCheck = 1010;
				LastUpgradeCheck = 1010;
				ORGANIZATIONNAME = "Jayesh Ramana";
				TargetAttributes = {
					4435F6DD219A2ECC001FB6F7 = {
						CreatedOnToolsVersion = 10.1;
					};
					4435F6F1219A2ECF001FB6F7 = {
						CreatedOnToolsVersion = 10.1;
						TestTargetID = 4435F6DD219A2ECC001FB6F7;
					};
					4435F6FC219A2ECF001FB6F7 = {
						CreatedOnToolsVersion = 10.1;
						TestTargetID = 4435F6DD219A2ECC001FB6F7;
					};
				};
			};
			buildConfigurationList = 4435F6D9219A2ECC001FB6F7 /* Build configuration list for PBXProject "Conway's Game of Life For iPad" */;
			compatibilityVersion = "Xcode 9.3";
			developmentRegion = en;
			hasScannedForEncodings = 0;
			knownRegions = (
				en,
				Base,
			);
			mainGroup = 4435F6D5219A2ECC001FB6F7;
			productRefGroup = 4435F6DF219A2ECC001FB6F7 /* Products */;
			projectDirPath = "";
			projectRoot = "";
			targets = (
				4435F6DD219A2ECC001FB6F7 /* Conway's Game of Life For iPad */,
				4435F6F1219A2ECF001FB6F7 /* Conway's Game of Life For iPadTests */,
				4435F6FC219A2ECF001FB6F7 /* Conway's Game of Life For iPadUITests */,
			);
		};
/* End PBXProject section */

/* Begin PBXResourcesBuildPhase section */
		4435F6DC219A2ECC001FB6F7 /* Resources */ = {
			isa = PBXResourcesBuildPhase;
			buildActionMask = 2147483647;
			files = (
				4435F6EC219A2ECF001FB6F7 /* LaunchScreen.storyboard in Resources */,
				4435F6E9219A2ECF001FB6F7 /* Assets.xcassets in Resources */,
				4435F6E7219A2ECC001FB6F7 /* Main.storyboard in Resources */,
			);
			runOnlyForDeploymentPostprocessing = 0;
		};
		4435F6F0219A2ECF001FB6F7 /* Resources */ = {
			isa = PBXResourcesBuildPhase;
			buildActionMask = 2147483647;
			files = (
			);
			runOnlyForDeploymentPostprocessing = 0;
		};
		4435F6FB219A2ECF001FB6F7 /* Resources */ = {
			isa = PBXResourcesBuildPhase;
			buildActionMask = 2147483647;
			files = (
			);
			runOnlyForDeploymentPostprocessing = 0;
		};
/* End PBXResourcesBuildPhase section */

/* Begin PBXSourcesBuildPhase section */
		4435F6DA219A2ECC001FB6F7 /* Sources */ = {
			isa = PBXSourcesBuildPhase;
			buildActionMask = 2147483647;
			files = (
				4435F6E4219A2ECC001FB6F7 /* ViewController.swift in Sources */,
				4435F6E2219A2ECC001FB6F7 /* AppDelegate.swift in Sources */,
				44260368219DEA70000E219F /* Split.swift in Sources */,
				4449AACB21A3355400FE7D8C /* Coor.swift in Sources */,
				4452450121A44D880063612B /* Templates.swift in Sources */,
				44F5172F21A8EDD1007C7D0A /* CellPanGesture.swift in Sources */,
				44260366219DE926000E219F /* Grid.swift in Sources */,
				4449AACD21A3358F00FE7D8C /* Colony.swift in Sources */,
			);
			runOnlyForDeploymentPostprocessing = 0;
		};
		4435F6EE219A2ECF001FB6F7 /* Sources */ = {
			isa = PBXSourcesBuildPhase;
			buildActionMask = 2147483647;
			files = (
				4435F6F7219A2ECF001FB6F7 /* Conway_s_Game_of_Life_For_iPadTests.swift in Sources */,
			);
			runOnlyForDeploymentPostprocessing = 0;
		};
		4435F6F9219A2ECF001FB6F7 /* Sources */ = {
			isa = PBXSourcesBuildPhase;
			buildActionMask = 2147483647;
			files = (
				4435F702219A2ECF001FB6F7 /* Conway_s_Game_of_Life_For_iPadUITests.swift in Sources */,
			);
			runOnlyForDeploymentPostprocessing = 0;
		};
/* End PBXSourcesBuildPhase section */

/* Begin PBXTargetDependency section */
		4435F6F4219A2ECF001FB6F7 /* PBXTargetDependency */ = {
			isa = PBXTargetDependency;
			target = 4435F6DD219A2ECC001FB6F7 /* Conway's Game of Life For iPad */;
			targetProxy = 4435F6F3219A2ECF001FB6F7 /* PBXContainerItemProxy */;
		};
		4435F6FF219A2ECF001FB6F7 /* PBXTargetDependency */ = {
			isa = PBXTargetDependency;
			target = 4435F6DD219A2ECC001FB6F7 /* Conway's Game of Life For iPad */;
			targetProxy = 4435F6FE219A2ECF001FB6F7 /* PBXContainerItemProxy */;
		};
/* End PBXTargetDependency section */

/* Begin PBXVariantGroup section */
		4435F6E5219A2ECC001FB6F7 /* Main.storyboard */ = {
			isa = PBXVariantGroup;
			children = (
				4435F6E6219A2ECC001FB6F7 /* Base */,
			);
			name = Main.storyboard;
			sourceTree = "<group>";
		};
		4435F6EA219A2ECF001FB6F7 /* LaunchScreen.storyboard */ = {
			isa = PBXVariantGroup;
			children = (
				4435F6EB219A2ECF001FB6F7 /* Base */,
			);
			name = LaunchScreen.storyboard;
			sourceTree = "<group>";
		};
/* End PBXVariantGroup section */

/* Begin XCBuildConfiguration section */
		4435F704219A2ECF001FB6F7 /* Debug */ = {
			isa = XCBuildConfiguration;
			buildSettings = {
				ALWAYS_SEARCH_USER_PATHS = NO;
				CLANG_ANALYZER_NONNULL = YES;
				CLANG_ANALYZER_NUMBER_OBJECT_CONVERSION = YES_AGGRESSIVE;
				CLANG_CXX_LANGUAGE_STANDARD = "gnu++14";
				CLANG_CXX_LIBRARY = "libc++";
				CLANG_ENABLE_MODULES = YES;
				CLANG_ENABLE_OBJC_ARC = YES;
				CLANG_ENABLE_OBJC_WEAK = YES;
				CLANG_WARN_BLOCK_CAPTURE_AUTORELEASING = YES;
				CLANG_WARN_BOOL_CONVERSION = YES;
				CLANG_WARN_COMMA = YES;
				CLANG_WARN_CONSTANT_CONVERSION = YES;
				CLANG_WARN_DEPRECATED_OBJC_IMPLEMENTATIONS = YES;
				CLANG_WARN_DIRECT_OBJC_ISA_USAGE = YES_ERROR;
				CLANG_WARN_DOCUMENTATION_COMMENTS = YES;
				CLANG_WARN_EMPTY_BODY = YES;
				CLANG_WARN_ENUM_CONVERSION = YES;
				CLANG_WARN_INFINITE_RECURSION = YES;
				CLANG_WARN_INT_CONVERSION = YES;
				CLANG_WARN_NON_LITERAL_NULL_CONVERSION = YES;
				CLANG_WARN_OBJC_IMPLICIT_RETAIN_SELF = YES;
				CLANG_WARN_OBJC_LITERAL_CONVERSION = YES;
				CLANG_WARN_OBJC_ROOT_CLASS = YES_ERROR;
				CLANG_WARN_RANGE_LOOP_ANALYSIS = YES;
				CLANG_WARN_STRICT_PROTOTYPES = YES;
				CLANG_WARN_SUSPICIOUS_MOVE = YES;
				CLANG_WARN_UNGUARDED_AVAILABILITY = YES_AGGRESSIVE;
				CLANG_WARN_UNREACHABLE_CODE = YES;
				CLANG_WARN__DUPLICATE_METHOD_MATCH = YES;
				CODE_SIGN_IDENTITY = "iPhone Developer";
				COPY_PHASE_STRIP = NO;
				DEBUG_INFORMATION_FORMAT = dwarf;
				ENABLE_STRICT_OBJC_MSGSEND = YES;
				ENABLE_TESTABILITY = YES;
				GCC_C_LANGUAGE_STANDARD = gnu11;
				GCC_DYNAMIC_NO_PIC = NO;
				GCC_NO_COMMON_BLOCKS = YES;
				GCC_OPTIMIZATION_LEVEL = 0;
				GCC_PREPROCESSOR_DEFINITIONS = (
					"DEBUG=1",
					"$(inherited)",
				);
				GCC_WARN_64_TO_32_BIT_CONVERSION = YES;
				GCC_WARN_ABOUT_RETURN_TYPE = YES_ERROR;
				GCC_WARN_UNDECLARED_SELECTOR = YES;
				GCC_WARN_UNINITIALIZED_AUTOS = YES_AGGRESSIVE;
				GCC_WARN_UNUSED_FUNCTION = YES;
				GCC_WARN_UNUSED_VARIABLE = YES;
				IPHONEOS_DEPLOYMENT_TARGET = 12.1;
				MTL_ENABLE_DEBUG_INFO = INCLUDE_SOURCE;
				MTL_FAST_MATH = YES;
				ONLY_ACTIVE_ARCH = YES;
				SDKROOT = iphoneos;
				SWIFT_ACTIVE_COMPILATION_CONDITIONS = DEBUG;
				SWIFT_OPTIMIZATION_LEVEL = "-Onone";
			};
			name = Debug;
		};
		4435F705219A2ECF001FB6F7 /* Release */ = {
			isa = XCBuildConfiguration;
			buildSettings = {
				ALWAYS_SEARCH_USER_PATHS = NO;
				CLANG_ANALYZER_NONNULL = YES;
				CLANG_ANALYZER_NUMBER_OBJECT_CONVERSION = YES_AGGRESSIVE;
				CLANG_CXX_LANGUAGE_STANDARD = "gnu++14";
				CLANG_CXX_LIBRARY = "libc++";
				CLANG_ENABLE_MODULES = YES;
				CLANG_ENABLE_OBJC_ARC = YES;
				CLANG_ENABLE_OBJC_WEAK = YES;
				CLANG_WARN_BLOCK_CAPTURE_AUTORELEASING = YES;
				CLANG_WARN_BOOL_CONVERSION = YES;
				CLANG_WARN_COMMA = YES;
				CLANG_WARN_CONSTANT_CONVERSION = YES;
				CLANG_WARN_DEPRECATED_OBJC_IMPLEMENTATIONS = YES;
				CLANG_WARN_DIRECT_OBJC_ISA_USAGE = YES_ERROR;
				CLANG_WARN_DOCUMENTATION_COMMENTS = YES;
				CLANG_WARN_EMPTY_BODY = YES;
				CLANG_WARN_ENUM_CONVERSION = YES;
				CLANG_WARN_INFINITE_RECURSION = YES;
				CLANG_WARN_INT_CONVERSION = YES;
				CLANG_WARN_NON_LITERAL_NULL_CONVERSION = YES;
				CLANG_WARN_OBJC_IMPLICIT_RETAIN_SELF = YES;
				CLANG_WARN_OBJC_LITERAL_CONVERSION = YES;
				CLANG_WARN_OBJC_ROOT_CLASS = YES_ERROR;
				CLANG_WARN_RANGE_LOOP_ANALYSIS = YES;
				CLANG_WARN_STRICT_PROTOTYPES = YES;
				CLANG_WARN_SUSPICIOUS_MOVE = YES;
				CLANG_WARN_UNGUARDED_AVAILABILITY = YES_AGGRESSIVE;
				CLANG_WARN_UNREACHABLE_CODE = YES;
				CLANG_WARN__DUPLICATE_METHOD_MATCH = YES;
				CODE_SIGN_IDENTITY = "iPhone Developer";
				COPY_PHASE_STRIP = NO;
				DEBUG_INFORMATION_FORMAT = "dwarf-with-dsym";
				ENABLE_NS_ASSERTIONS = NO;
				ENABLE_STRICT_OBJC_MSGSEND = YES;
				GCC_C_LANGUAGE_STANDARD = gnu11;
				GCC_NO_COMMON_BLOCKS = YES;
				GCC_WARN_64_TO_32_BIT_CONVERSION = YES;
				GCC_WARN_ABOUT_RETURN_TYPE = YES_ERROR;
				GCC_WARN_UNDECLARED_SELECTOR = YES;
				GCC_WARN_UNINITIALIZED_AUTOS = YES_AGGRESSIVE;
				GCC_WARN_UNUSED_FUNCTION = YES;
				GCC_WARN_UNUSED_VARIABLE = YES;
				IPHONEOS_DEPLOYMENT_TARGET = 12.1;
				MTL_ENABLE_DEBUG_INFO = NO;
				MTL_FAST_MATH = YES;
				SDKROOT = iphoneos;
				SWIFT_COMPILATION_MODE = wholemodule;
				SWIFT_OPTIMIZATION_LEVEL = "-O";
				VALIDATE_PRODUCT = YES;
			};
			name = Release;
		};
		4435F707219A2ECF001FB6F7 /* Debug */ = {
			isa = XCBuildConfiguration;
			buildSettings = {
				ASSETCATALOG_COMPILER_APPICON_NAME = AppIcon;
				CODE_SIGN_STYLE = Automatic;
				INFOPLIST_FILE = "Conway's Game of Life For iPad/Info.plist";
				LD_RUNPATH_SEARCH_PATHS = (
					"$(inherited)",
					"@executable_path/Frameworks",
				);
				PRODUCT_BUNDLE_IDENTIFIER = "Jayesh-Ramana.Conway-s-Game-of-Life-For-iPad";
				PRODUCT_NAME = "$(TARGET_NAME)";
				SWIFT_VERSION = 4.2;
				TARGETED_DEVICE_FAMILY = 2;
			};
			name = Debug;
		};
		4435F708219A2ECF001FB6F7 /* Release */ = {
			isa = XCBuildConfiguration;
			buildSettings = {
				ASSETCATALOG_COMPILER_APPICON_NAME = AppIcon;
				CODE_SIGN_STYLE = Automatic;
				INFOPLIST_FILE = "Conway's Game of Life For iPad/Info.plist";
				LD_RUNPATH_SEARCH_PATHS = (
					"$(inherited)",
					"@executable_path/Frameworks",
				);
				PRODUCT_BUNDLE_IDENTIFIER = "Jayesh-Ramana.Conway-s-Game-of-Life-For-iPad";
				PRODUCT_NAME = "$(TARGET_NAME)";
				SWIFT_VERSION = 4.2;
				TARGETED_DEVICE_FAMILY = 2;
			};
			name = Release;
		};
		4435F70A219A2ECF001FB6F7 /* Debug */ = {
			isa = XCBuildConfiguration;
			buildSettings = {
				ALWAYS_EMBED_SWIFT_STANDARD_LIBRARIES = YES;
				BUNDLE_LOADER = "$(TEST_HOST)";
				CODE_SIGN_STYLE = Automatic;
				INFOPLIST_FILE = "Conway's Game of Life For iPadTests/Info.plist";
				LD_RUNPATH_SEARCH_PATHS = (
					"$(inherited)",
					"@executable_path/Frameworks",
					"@loader_path/Frameworks",
				);
				PRODUCT_BUNDLE_IDENTIFIER = "Jayesh-Ramana.Conway-s-Game-of-Life-For-iPadTests";
				PRODUCT_NAME = "$(TARGET_NAME)";
				SWIFT_VERSION = 4.2;
				TARGETED_DEVICE_FAMILY = "1,2";
				TEST_HOST = "$(BUILT_PRODUCTS_DIR)/Conway's Game of Life For iPad.app/Conway's Game of Life For iPad";
			};
			name = Debug;
		};
		4435F70B219A2ECF001FB6F7 /* Release */ = {
			isa = XCBuildConfiguration;
			buildSettings = {
				ALWAYS_EMBED_SWIFT_STANDARD_LIBRARIES = YES;
				BUNDLE_LOADER = "$(TEST_HOST)";
				CODE_SIGN_STYLE = Automatic;
				INFOPLIST_FILE = "Conway's Game of Life For iPadTests/Info.plist";
				LD_RUNPATH_SEARCH_PATHS = (
					"$(inherited)",
					"@executable_path/Frameworks",
					"@loader_path/Frameworks",
				);
				PRODUCT_BUNDLE_IDENTIFIER = "Jayesh-Ramana.Conway-s-Game-of-Life-For-iPadTests";
				PRODUCT_NAME = "$(TARGET_NAME)";
				SWIFT_VERSION = 4.2;
				TARGETED_DEVICE_FAMILY = "1,2";
				TEST_HOST = "$(BUILT_PRODUCTS_DIR)/Conway's Game of Life For iPad.app/Conway's Game of Life For iPad";
			};
			name = Release;
		};
		4435F70D219A2ECF001FB6F7 /* Debug */ = {
			isa = XCBuildConfiguration;
			buildSettings = {
				ALWAYS_EMBED_SWIFT_STANDARD_LIBRARIES = YES;
				CODE_SIGN_STYLE = Automatic;
				INFOPLIST_FILE = "Conway's Game of Life For iPadUITests/Info.plist";
				LD_RUNPATH_SEARCH_PATHS = (
					"$(inherited)",
					"@executable_path/Frameworks",
					"@loader_path/Frameworks",
				);
				PRODUCT_BUNDLE_IDENTIFIER = "Jayesh-Ramana.Conway-s-Game-of-Life-For-iPadUITests";
				PRODUCT_NAME = "$(TARGET_NAME)";
				SWIFT_VERSION = 4.2;
				TARGETED_DEVICE_FAMILY = "1,2";
				TEST_TARGET_NAME = "Conway's Game of Life For iPad";
			};
			name = Debug;
		};
		4435F70E219A2ECF001FB6F7 /* Release */ = {
			isa = XCBuildConfiguration;
			buildSettings = {
				ALWAYS_EMBED_SWIFT_STANDARD_LIBRARIES = YES;
				CODE_SIGN_STYLE = Automatic;
				INFOPLIST_FILE = "Conway's Game of Life For iPadUITests/Info.plist";
				LD_RUNPATH_SEARCH_PATHS = (
					"$(inherited)",
					"@executable_path/Frameworks",
					"@loader_path/Frameworks",
				);
				PRODUCT_BUNDLE_IDENTIFIER = "Jayesh-Ramana.Conway-s-Game-of-Life-For-iPadUITests";
				PRODUCT_NAME = "$(TARGET_NAME)";
				SWIFT_VERSION = 4.2;
				TARGETED_DEVICE_FAMILY = "1,2";
				TEST_TARGET_NAME = "Conway's Game of Life For iPad";
			};
			name = Release;
		};
/* End XCBuildConfiguration section */

/* Begin XCConfigurationList section */
		4435F6D9219A2ECC001FB6F7 /* Build configuration list for PBXProject "Conway's Game of Life For iPad" */ = {
			isa = XCConfigurationList;
			buildConfigurations = (
				4435F704219A2ECF001FB6F7 /* Debug */,
				4435F705219A2ECF001FB6F7 /* Release */,
			);
			defaultConfigurationIsVisible = 0;
			defaultConfigurationName = Release;
		};
		4435F706219A2ECF001FB6F7 /* Build configuration list for PBXNativeTarget "Conway's Game of Life For iPad" */ = {
			isa = XCConfigurationList;
			buildConfigurations = (
				4435F707219A2ECF001FB6F7 /* Debug */,
				4435F708219A2ECF001FB6F7 /* Release */,
			);
			defaultConfigurationIsVisible = 0;
			defaultConfigurationName = Release;
		};
		4435F709219A2ECF001FB6F7 /* Build configuration list for PBXNativeTarget "Conway's Game of Life For iPadTests" */ = {
			isa = XCConfigurationList;
			buildConfigurations = (
				4435F70A219A2ECF001FB6F7 /* Debug */,
				4435F70B219A2ECF001FB6F7 /* Release */,
			);
			defaultConfigurationIsVisible = 0;
			defaultConfigurationName = Release;
		};
		4435F70C219A2ECF001FB6F7 /* Build configuration list for PBXNativeTarget "Conway's Game of Life For iPadUITests" */ = {
			isa = XCConfigurationList;
			buildConfigurations = (
				4435F70D219A2ECF001FB6F7 /* Debug */,
				4435F70E219A2ECF001FB6F7 /* Release */,
			);
			defaultConfigurationIsVisible = 0;
			defaultConfigurationName = Release;
		};
/* End XCConfigurationList section */
	};
	rootObject = 4435F6D6219A2ECC001FB6F7 /* Project object */;
}
